
Microsoft Visual Studio Solution File, Format Version 12.00
# Visual Studio Version 16
VisualStudioVersion = 16.0.33529.622
MinimumVisualStudioVersion = 10.0.40219.1
Project("{FAE04EC0-301F-11D3-BF4B-00C04F79EFBC}") = "SolidEdge_API", "SolidEdge_API.csproj", "{027D7969-41E1-4906-B2D1-957F86C4D351}"
EndProject
Global
	GlobalSection(SolutionConfigurationPlatforms) = preSolution
		Debug|Any CPU = Debug|Any CPU
		Release|Any CPU = Release|Any CPU
	EndGlobalSection
	GlobalSection(ProjectConfigurationPlatforms) = postSolution
		{027D7969-41E1-4906-B2D1-957F86C4D351}.Debug|Any CPU.ActiveCfg = Debug|Any CPU
		{027D7969-41E1-4906-B2D1-957F86C4D351}.Debug|Any CPU.Build.0 = Debug|Any CPU
		{027D7969-41E1-4906-B2D1-957F86C4D351}.Release|Any CPU.ActiveCfg = Release|Any CPU
		{027D7969-41E1-4906-B2D1-957F86C4D351}.Release|Any CPU.Build.0 = Release|Any CPU
	EndGlobalSection
	GlobalSection(SolutionProperties) = preSolution
		HideSolutionNode = FALSE
	EndGlobalSection
	GlobalSection(ExtensibilityGlobals) = postSolution
		SolutionGuid = {4C531240-EC77-466E-A6C2-7B30E8A53633}
	EndGlobalSection
EndGlobal
